
Microsoft Visual Studio Solution File, Format Version 12.00
# Visual Studio Version 17
VisualStudioVersion = 17.5.33516.290
MinimumVisualStudioVersion = 10.0.40219.1
Project("{8BC9CEB8-8B4A-11D0-8D11-00A0C91BC942}") = "ClientNPct", "ClientNPct\ClientNPct.vcxproj", "{51A84849-4DA3-41B1-9BB6-616C20DE0567}"
EndProject
Global
	GlobalSection(SolutionConfigurationPlatforms) = preSolution
		Debug|x64 = Debug|x64
		Debug|x86 = Debug|x86
		Release|x64 = Release|x64
		Release|x86 = Release|x86
	EndGlobalSection
	GlobalSection(ProjectConfigurationPlatforms) = postSolution
		{51A84849-4DA3-41B1-9BB6-616C20DE0567}.Debug|x64.ActiveCfg = Debug|x64
		{51A84849-4DA3-41B1-9BB6-616C20DE0567}.Debug|x64.Build.0 = Debug|x64
		{51A84849-4DA3-41B1-9BB6-616C20DE0567}.Debug|x86.ActiveCfg = Debug|Win32
		{51A84849-4DA3-41B1-9BB6-616C20DE0567}.Debug|x86.Build.0 = Debug|Win32
		{51A84849-4DA3-41B1-9BB6-616C20DE0567}.Release|x64.ActiveCfg = Release|x64
		{51A84849-4DA3-41B1-9BB6-616C20DE0567}.Release|x64.Build.0 = Release|x64
		{51A84849-4DA3-41B1-9BB6-616C20DE0567}.Release|x86.ActiveCfg = Release|Win32
		{51A84849-4DA3-41B1-9BB6-616C20DE0567}.Release|x86.Build.0 = Release|Win32
	EndGlobalSection
	GlobalSection(SolutionProperties) = preSolution
		HideSolutionNode = FALSE
	EndGlobalSection
	GlobalSection(ExtensibilityGlobals) = postSolution
		SolutionGuid = {12C560AE-E0D8-4FB6-943B-F54BE1AB3E1E}
	EndGlobalSection
EndGlobal
